<?xml version="1.0" encoding="utf-8"?>
<Project ToolsVersion="4.0" xmlns="http://schemas.microsoft.com/developer/msbuild/2003">
  <ItemGroup>
    <FxCompile Include="Engine\SHADER\SpriteVS.hlsl">
      <Filter>Engine\シェーダーファイル</Filter>
    </FxCompile>
    <FxCompile Include="Engine\SHADER\FBXPS.hlsl">
      <Filter>Engine\シェーダーファイル</Filter>
    </FxCompile>
    <FxCompile Include="Engine\SHADER\FBXVS.hlsl">
      <Filter>Engine\シェーダーファイル</Filter>
    </FxCompile>
    <FxCompile Include="Engine\SHADER\OBJPixelShader.hlsl">
      <Filter>Engine\シェーダーファイル</Filter>
    </FxCompile>
    <FxCompile Include="Engine\SHADER\SpritePS.hlsl">
      <Filter>Engine\シェーダーファイル</Filter>
    </FxCompile>
    <FxCompile Include="Engine\SHADER\OBJVertexShader.hlsl">
      <Filter>Engine\シェーダーファイル</Filter>
    </FxCompile>
    <FxCompile Include="Engine\SHADER\ParticleGS.hlsl">
      <Filter>Engine\シェーダーファイル</Filter>
    </FxCompile>
    <FxCompile Include="Engine\SHADER\ParticlePS.hlsl">
      <Filter>Engine\シェーダーファイル</Filter>
    </FxCompile>
    <FxCompile Include="Engine\SHADER\ParticleVS.hlsl">
      <Filter>Engine\シェーダーファイル</Filter>
    </FxCompile>
  </ItemGroup>
  <ItemGroup>
    <ClCompile Include="main.cpp" />
    <ClCompile Include="Engine\MATH\Affin.cpp">
      <Filter>Engine\ソースファイル\MATH</Filter>
    </ClCompile>
    <ClCompile Include="Engine\AUDIO\Audio.cpp">
      <Filter>Engine\ソースファイル\AUDIO</Filter>
    </ClCompile>
    <ClCompile Include="Engine\CAMERA\Camera.cpp">
      <Filter>Engine\ソースファイル\CAMERA</Filter>
    </ClCompile>
    <ClCompile Include="Engine\COLLISION\Collision.cpp">
      <Filter>Engine\ソースファイル\COLLISION</Filter>
    </ClCompile>
    <ClCompile Include="Engine\COLLISION\CollisionPrimitive.cpp">
      <Filter>Engine\ソースファイル\COLLISION</Filter>
    </ClCompile>
    <ClCompile Include="Engine\input\Controller.cpp">
      <Filter>Engine\ソースファイル\INPUT</Filter>
    </ClCompile>
    <ClCompile Include="Engine\MATH\ConvertXM.cpp">
      <Filter>Engine\ソースファイル\MATH</Filter>
    </ClCompile>
    <ClCompile Include="Engine\BASE\DirectXCommon.cpp">
      <Filter>Engine\ソースファイル\BASE</Filter>
    </ClCompile>
    <ClCompile Include="Engine\3D\FbxLoader.cpp">
      <Filter>Engine\ソースファイル\3D</Filter>
    </ClCompile>
    <ClCompile Include="Engine\3D\FBXModel.cpp">
      <Filter>Engine\ソースファイル\3D</Filter>
    </ClCompile>
    <ClCompile Include="Engine\3D\FBXObject3d.cpp">
      <Filter>Engine\ソースファイル\3D</Filter>
    </ClCompile>
    <ClCompile Include="Engine\BASE\FPS.cpp">
      <Filter>Engine\ソースファイル\BASE</Filter>
    </ClCompile>
    <ClCompile Include="Engine\IMGUI\ImGuiManager.cpp">
      <Filter>Engine\ソースファイル\IMGUI</Filter>
    </ClCompile>
    <ClCompile Include="Engine\INPUT\Input.cpp">
      <Filter>Engine\ソースファイル\INPUT</Filter>
    </ClCompile>
    <ClCompile Include="Engine\MATH\Matrix4.cpp">
      <Filter>Engine\ソースファイル\MATH</Filter>
    </ClCompile>
    <ClCompile Include="Engine\3D\Model.cpp">
      <Filter>Engine\ソースファイル\3D</Filter>
    </ClCompile>
    <ClCompile Include="Engine\3D\Object3d.cpp">
      <Filter>Engine\ソースファイル\3D</Filter>
    </ClCompile>
    <ClCompile Include="Engine\2D\SpriteCommon.cpp">
      <Filter>Engine\ソースファイル\2D</Filter>
    </ClCompile>
    <ClCompile Include="Engine\2D\Sprite.cpp">
      <Filter>Engine\ソースファイル\2D</Filter>
    </ClCompile>
    <ClCompile Include="Engine\3D\Particle\ParticleManager.cpp">
      <Filter>Engine\ソースファイル\3D\Particle</Filter>
    </ClCompile>
    <ClCompile Include="Engine\MATH\Vector2.cpp">
      <Filter>Engine\ソースファイル\MATH</Filter>
    </ClCompile>
    <ClCompile Include="Engine\MATH\Quaternion.cpp">
      <Filter>Engine\ソースファイル\MATH</Filter>
    </ClCompile>
    <ClCompile Include="Engine\MATH\Vector3.cpp">
      <Filter>Engine\ソースファイル\MATH</Filter>
    </ClCompile>
    <ClCompile Include="Engine\BASE\WinApp.cpp">
      <Filter>Engine\ソースファイル\BASE</Filter>
    </ClCompile>
    <ClCompile Include="Engine\MATH\Vector4.cpp">
      <Filter>Engine\ソースファイル\MATH</Filter>
    </ClCompile>
    <ClCompile Include="Engine\3D\Transform.cpp">
      <Filter>Engine\ソースファイル\3D</Filter>
    </ClCompile>
    <ClCompile Include="Element\ElementH.cpp">
      <Filter>user\ソース\Element</Filter>
    </ClCompile>
    <ClCompile Include="Element\ElementManager.cpp">
      <Filter>user\ソース\Element</Filter>
    </ClCompile>
    <ClCompile Include="User\SCENE\GameScene.cpp">
      <Filter>user\シーン</Filter>
    </ClCompile>
    <ClCompile Include="User\player.cpp">
      <Filter>user\ソース</Filter>
    </ClCompile>
    <ClCompile Include="User\Title.cpp">
      <Filter>user\ソース</Filter>
    </ClCompile>
  </ItemGroup>
  <ItemGroup>
    <ClInclude Include="Engine\MATH\Affin.h">
      <Filter>Engine\ヘッダーファイル\MATH</Filter>
    </ClInclude>
    <ClInclude Include="Engine\AUDIO\Audio.h">
      <Filter>Engine\ヘッダーファイル\AUDIO</Filter>
    </ClInclude>
    <ClInclude Include="Engine\CAMERA\Camera.h">
      <Filter>Engine\ヘッダーファイル\CAMERA</Filter>
    </ClInclude>
    <ClInclude Include="Engine\COLLISION\Collision.h">
      <Filter>Engine\ヘッダーファイル\COLLISION</Filter>
    </ClInclude>
    <ClInclude Include="Engine\COLLISION\CollisionPrimitive.h">
      <Filter>Engine\ヘッダーファイル\COLLISION</Filter>
    </ClInclude>
    <ClInclude Include="Engine\input\Controller.h">
      <Filter>Engine\ヘッダーファイル\INPUT</Filter>
    </ClInclude>
    <ClInclude Include="Engine\MATH\ConvertXM.h">
      <Filter>Engine\ヘッダーファイル\MATH</Filter>
    </ClInclude>
    <ClInclude Include="Engine\BASE\DirectXCommon.h">
      <Filter>Engine\ヘッダーファイル\BACE</Filter>
    </ClInclude>
    <ClInclude Include="Element\ElementH.h">
      <Filter>user\ヘッダー\Element</Filter>
    </ClInclude>
    <ClInclude Include="Element\ElementManager.h">
      <Filter>user\ヘッダー\Element</Filter>
    </ClInclude>
    <ClInclude Include="Engine\3D\FbxLoader.h">
      <Filter>Engine\ヘッダーファイル\3D</Filter>
    </ClInclude>
    <ClInclude Include="Engine\3D\FBXModel.h">
      <Filter>Engine\ヘッダーファイル\3D</Filter>
    </ClInclude>
    <ClInclude Include="Engine\3D\FBXObject3d.h">
      <Filter>Engine\ヘッダーファイル\3D</Filter>
    </ClInclude>
    <ClInclude Include="Engine\BASE\FPS.h">
      <Filter>Engine\ヘッダーファイル\BACE</Filter>
    </ClInclude>
    <ClInclude Include="User\SCENE\GameScene.h">
      <Filter>user\シーン</Filter>
    </ClInclude>
    <ClInclude Include="Engine\IMGUI\ImGuiManager.h">
      <Filter>Engine\ヘッダーファイル\IMGUI</Filter>
    </ClInclude>
    <ClInclude Include="Engine\INPUT\Input.h">
      <Filter>Engine\ヘッダーファイル\INPUT</Filter>
    </ClInclude>
    <ClInclude Include="User\map.h">
      <Filter>user\ヘッダー</Filter>
    </ClInclude>
    <ClInclude Include="Engine\MATH\Matrix4.h">
      <Filter>Engine\ヘッダーファイル\MATH</Filter>
    </ClInclude>
    <ClInclude Include="Engine\3D\Model.h">
      <Filter>Engine\ヘッダーファイル\3D</Filter>
    </ClInclude>
    <ClInclude Include="Engine\3D\Object3d.h">
      <Filter>Engine\ヘッダーファイル\3D</Filter>
    </ClInclude>
    <ClInclude Include="Engine\3D\Particle\ParticleManager.h">
      <Filter>Engine\ヘッダーファイル\3D\Particle</Filter>
    </ClInclude>
    <ClInclude Include="User\player.h">
      <Filter>user\ヘッダー</Filter>
    </ClInclude>
    <ClInclude Include="Engine\MATH\Quaternion.h">
      <Filter>Engine\ヘッダーファイル\MATH</Filter>
    </ClInclude>
    <ClInclude Include="Engine\2D\Sprite.h">
      <Filter>Engine\ヘッダーファイル\2D</Filter>
    </ClInclude>
    <ClInclude Include="Engine\2D\SpriteCommon.h">
      <Filter>Engine\ヘッダーファイル\2D</Filter>
    </ClInclude>
    <ClInclude Include="User\Title.h">
      <Filter>user\ヘッダー</Filter>
    </ClInclude>
    <ClInclude Include="Engine\3D\Transform.h">
      <Filter>Engine\ヘッダーファイル\3D</Filter>
    </ClInclude>
    <ClInclude Include="Engine\MATH\Vector2.h">
      <Filter>Engine\ヘッダーファイル\MATH</Filter>
    </ClInclude>
    <ClInclude Include="Engine\MATH\Vector3.h">
      <Filter>Engine\ヘッダーファイル\MATH</Filter>
    </ClInclude>
    <ClInclude Include="Engine\MATH\Vector4.h">
      <Filter>Engine\ヘッダーファイル\MATH</Filter>
    </ClInclude>
    <ClInclude Include="Engine\BASE\WinApp.h">
      <Filter>Engine\ヘッダーファイル\BACE</Filter>
    </ClInclude>
  </ItemGroup>
  <ItemGroup>
    <None Include="Engine\SHADER\FBX.hlsli">
      <Filter>Engine\シェーダーファイル</Filter>
    </None>
    <None Include="Engine\SHADER\OBJShaderHeader.hlsli">
      <Filter>Engine\シェーダーファイル</Filter>
    </None>
    <None Include="Engine\SHADER\Particle.hlsli">
      <Filter>Engine\シェーダーファイル</Filter>
    </None>
    <None Include="Engine\SHADER\Sprite.hlsli">
      <Filter>Engine\シェーダーファイル</Filter>
    </None>
  </ItemGroup>
  <ItemGroup>
    <Filter Include="Engine">
      <UniqueIdentifier>{505fb75f-1568-4dde-a903-9c678a3021ba}</UniqueIdentifier>
    </Filter>
    <Filter Include="user">
      <UniqueIdentifier>{1ab36539-9aae-4197-8c5b-2a35ed8ef485}</UniqueIdentifier>
    </Filter>
    <Filter Include="Engine\ヘッダーファイル">
      <UniqueIdentifier>{359c42ad-bf4c-4656-a24d-5823caca4abc}</UniqueIdentifier>
    </Filter>
    <Filter Include="Engine\ソースファイル">
      <UniqueIdentifier>{ec5a5948-520f-468d-971c-8a2d4c14a327}</UniqueIdentifier>
    </Filter>
    <Filter Include="Engine\シェーダーファイル">
      <UniqueIdentifier>{9cadd63d-520c-4bc0-b9dd-a2ae6b52e1c2}</UniqueIdentifier>
    </Filter>
    <Filter Include="Engine\ソースファイル\2D">
      <UniqueIdentifier>{aa24fc51-da9d-4e9d-a108-d6d86fedd3a2}</UniqueIdentifier>
    </Filter>
    <Filter Include="Engine\ソースファイル\3D">
      <UniqueIdentifier>{0bd06ef8-0cc0-433a-aeaf-31cb53da35f4}</UniqueIdentifier>
    </Filter>
    <Filter Include="Engine\ソースファイル\AUDIO">
      <UniqueIdentifier>{09387b9c-b208-43a0-a614-5e81ecd7cf63}</UniqueIdentifier>
    </Filter>
    <Filter Include="Engine\ソースファイル\BASE">
      <UniqueIdentifier>{6bd413ea-db12-4571-8f7f-8f352e9f81fe}</UniqueIdentifier>
    </Filter>
    <Filter Include="Engine\ソースファイル\CAMERA">
      <UniqueIdentifier>{75b1df59-e895-477d-8a7d-50c06f949735}</UniqueIdentifier>
    </Filter>
    <Filter Include="Engine\ソースファイル\COLLISION">
      <UniqueIdentifier>{b69b98fd-d9a1-42a3-9864-06aa0c80cf30}</UniqueIdentifier>
    </Filter>
    <Filter Include="Engine\ソースファイル\IMGUI">
      <UniqueIdentifier>{3f22c15e-2b19-48ab-9d1b-71c726b38210}</UniqueIdentifier>
    </Filter>
    <Filter Include="Engine\ソースファイル\INPUT">
      <UniqueIdentifier>{61707c8f-aff4-4f91-bf08-c4eca9d96f63}</UniqueIdentifier>
    </Filter>
    <Filter Include="Engine\ソースファイル\LIGHT">
      <UniqueIdentifier>{f37f81f4-ca1d-4afe-816e-da008253dbad}</UniqueIdentifier>
    </Filter>
    <Filter Include="Engine\ソースファイル\MATH">
      <UniqueIdentifier>{9664788c-ddb0-4bc9-8158-391095ddea6d}</UniqueIdentifier>
    </Filter>
    <Filter Include="Engine\ソースファイル\3D\Particle">
      <UniqueIdentifier>{62199d66-8fef-49fe-b536-72dd22f6083d}</UniqueIdentifier>
    </Filter>
    <Filter Include="Engine\ヘッダーファイル\2D">
      <UniqueIdentifier>{1957f11d-83fb-425d-9c96-a1e3dc807a55}</UniqueIdentifier>
    </Filter>
    <Filter Include="Engine\ヘッダーファイル\3D">
      <UniqueIdentifier>{88f9f4de-208f-4886-9e52-c46caf0f57d8}</UniqueIdentifier>
    </Filter>
    <Filter Include="Engine\ヘッダーファイル\AUDIO">
      <UniqueIdentifier>{e87b964b-c144-4670-9a8c-723860e7c867}</UniqueIdentifier>
    </Filter>
    <Filter Include="Engine\ヘッダーファイル\BACE">
      <UniqueIdentifier>{6109afe9-7d6d-462e-9dec-d5e98e85271c}</UniqueIdentifier>
    </Filter>
    <Filter Include="Engine\ヘッダーファイル\CAMERA">
      <UniqueIdentifier>{fa9cec9b-2e99-4e08-9da0-5996a2f10d2e}</UniqueIdentifier>
    </Filter>
    <Filter Include="Engine\ヘッダーファイル\COLLISION">
      <UniqueIdentifier>{16fe3fd9-8230-4d07-8c49-03abb61f1d4c}</UniqueIdentifier>
    </Filter>
    <Filter Include="Engine\ヘッダーファイル\IMGUI">
      <UniqueIdentifier>{f822fe35-dc99-4464-92de-0d65e6378c46}</UniqueIdentifier>
    </Filter>
    <Filter Include="Engine\ヘッダーファイル\INPUT">
      <UniqueIdentifier>{73a30bc2-38e6-4405-8cb4-e1ef9d99d541}</UniqueIdentifier>
    </Filter>
    <Filter Include="Engine\ヘッダーファイル\LIGHT">
      <UniqueIdentifier>{2d1ae900-ba1f-4ae1-ad61-e19ab2d84bc1}</UniqueIdentifier>
    </Filter>
    <Filter Include="Engine\ヘッダーファイル\MATH">
      <UniqueIdentifier>{dc2756ba-d637-4581-aa04-e60f0d5173bd}</UniqueIdentifier>
    </Filter>
    <Filter Include="user\シーン">
      <UniqueIdentifier>{00cd5faf-62bd-4841-834e-0eae9e1fd198}</UniqueIdentifier>
    </Filter>
    <Filter Include="user\ソース">
      <UniqueIdentifier>{c8c32f9b-ae21-4c28-9146-548726adc35b}</UniqueIdentifier>
    </Filter>
    <Filter Include="user\ヘッダー">
      <UniqueIdentifier>{4477c408-a332-4b81-9faa-380cf7bedcfd}</UniqueIdentifier>
    </Filter>
    <Filter Include="user\ソース\Element">
      <UniqueIdentifier>{9cdb56fd-32a0-456d-a4c9-8b042ef973c8}</UniqueIdentifier>
    </Filter>
    <Filter Include="user\ヘッダー\Element">
      <UniqueIdentifier>{0eaaf5c5-8261-442e-9e44-2e2c1e4dcf8f}</UniqueIdentifier>
    </Filter>
    <Filter Include="Engine\ヘッダーファイル\3D\Particle">
      <UniqueIdentifier>{447b770b-e488-4b32-bb34-654ca8666d56}</UniqueIdentifier>
    </Filter>
    <Filter Include="user\リソース">
      <UniqueIdentifier>{764afb18-e6fc-4c60-8e4f-4a831d18f041}</UniqueIdentifier>
    </Filter>
  </ItemGroup>
</Project>